
Microsoft Visual Studio Solution File, Format Version 12.00
# Visual Studio Version 16
VisualStudioVersion = 16.0.31112.23
MinimumVisualStudioVersion = 10.0.40219.1
Project("{FAE04EC0-301F-11D3-BF4B-00C04F79EFBC}") = "LincolnSovTech", "LincolnSovTech\LincolnSovTech.csproj", "{66D5E088-2844-478D-8CC6-9A913CA511A3}"
EndProject
Global
	GlobalSection(SolutionConfigurationPlatforms) = preSolution
		Debug|Any CPU = Debug|Any CPU
		Release|Any CPU = Release|Any CPU
	EndGlobalSection
	GlobalSection(ProjectConfigurationPlatforms) = postSolution
		{66D5E088-2844-478D-8CC6-9A913CA511A3}.Debug|Any CPU.ActiveCfg = Debug|Any CPU
		{66D5E088-2844-478D-8CC6-9A913CA511A3}.Debug|Any CPU.Build.0 = Debug|Any CPU
		{66D5E088-2844-478D-8CC6-9A913CA511A3}.Release|Any CPU.ActiveCfg = Release|Any CPU
		{66D5E088-2844-478D-8CC6-9A913CA511A3}.Release|Any CPU.Build.0 = Release|Any CPU
	EndGlobalSection
	GlobalSection(SolutionProperties) = preSolution
		HideSolutionNode = FALSE
	EndGlobalSection
	GlobalSection(ExtensibilityGlobals) = postSolution
		SolutionGuid = {40633DC4-5539-475E-8E0C-08B6331798C8}
	EndGlobalSection
EndGlobal
